
Microsoft Visual Studio Solution File, Format Version 12.00
# Visual Studio Version 16
VisualStudioVersion = 16.0.30114.105
MinimumVisualStudioVersion = 10.0.40219.1
Project("{8BC9CEB8-8B4A-11D0-8D11-00A0C91BC942}") = "World of Discord - jRPG", "World of Discord - jRPG.vcxproj", "{723A98E2-D65E-428C-BCFB-EABF1B835C24}"
EndProject
Project("{54435603-DBB4-11D2-8724-00A0C9A8B90C}") = "World of Discord setup", "..\World of Discord setup\World of Discord setup.vdproj", "{9DFFA1F9-5F32-431F-AD12-FAEFE4A515BC}"
EndProject
Global
	GlobalSection(SolutionConfigurationPlatforms) = preSolution
		Debug|x64 = Debug|x64
		Debug|x86 = Debug|x86
		Release|x64 = Release|x64
		Release|x86 = Release|x86
	EndGlobalSection
	GlobalSection(ProjectConfigurationPlatforms) = postSolution
		{723A98E2-D65E-428C-BCFB-EABF1B835C24}.Debug|x64.ActiveCfg = Debug|x64
		{723A98E2-D65E-428C-BCFB-EABF1B835C24}.Debug|x64.Build.0 = Debug|x64
		{723A98E2-D65E-428C-BCFB-EABF1B835C24}.Debug|x86.ActiveCfg = Debug|Win32
		{723A98E2-D65E-428C-BCFB-EABF1B835C24}.Debug|x86.Build.0 = Debug|Win32
		{723A98E2-D65E-428C-BCFB-EABF1B835C24}.Release|x64.ActiveCfg = Release|x64
		{723A98E2-D65E-428C-BCFB-EABF1B835C24}.Release|x64.Build.0 = Release|x64
		{723A98E2-D65E-428C-BCFB-EABF1B835C24}.Release|x86.ActiveCfg = Release|Win32
		{723A98E2-D65E-428C-BCFB-EABF1B835C24}.Release|x86.Build.0 = Release|Win32
		{9DFFA1F9-5F32-431F-AD12-FAEFE4A515BC}.Debug|x64.ActiveCfg = Debug
		{9DFFA1F9-5F32-431F-AD12-FAEFE4A515BC}.Debug|x86.ActiveCfg = Debug
		{9DFFA1F9-5F32-431F-AD12-FAEFE4A515BC}.Release|x64.ActiveCfg = Release
		{9DFFA1F9-5F32-431F-AD12-FAEFE4A515BC}.Release|x64.Build.0 = Release
		{9DFFA1F9-5F32-431F-AD12-FAEFE4A515BC}.Release|x86.ActiveCfg = Release
	EndGlobalSection
	GlobalSection(SolutionProperties) = preSolution
		HideSolutionNode = FALSE
	EndGlobalSection
	GlobalSection(ExtensibilityGlobals) = postSolution
		SolutionGuid = {5A9545E8-B6E2-4CD1-A508-0D9452E98D25}
	EndGlobalSection
EndGlobal
